
Microsoft Visual Studio Solution File, Format Version 12.00
# Visual Studio 2012
Project("{FAE04EC0-301F-11D3-BF4B-00C04F79EFBC}") = "RottenTomato.Droid", "RottenTomato.Droid\RottenTomato.Droid.csproj", "{0E8BF09A-38A4-4E33-BF1C-CA45868EFD06}"
EndProject
Project("{FAE04EC0-301F-11D3-BF4B-00C04F79EFBC}") = "RottenTomato.Core", "RottenTomato.Core\RottenTomato.Core.csproj", "{431DBEAB-C1B0-47FC-9368-FEF1C266F3AB}"
EndProject
Global
	GlobalSection(SolutionConfigurationPlatforms) = preSolution
		Debug|Any CPU = Debug|Any CPU
		Release|Any CPU = Release|Any CPU
	EndGlobalSection
	GlobalSection(ProjectConfigurationPlatforms) = postSolution
		{0E8BF09A-38A4-4E33-BF1C-CA45868EFD06}.Debug|Any CPU.ActiveCfg = Debug|Any CPU
		{0E8BF09A-38A4-4E33-BF1C-CA45868EFD06}.Debug|Any CPU.Build.0 = Debug|Any CPU
		{0E8BF09A-38A4-4E33-BF1C-CA45868EFD06}.Debug|Any CPU.Deploy.0 = Debug|Any CPU
		{0E8BF09A-38A4-4E33-BF1C-CA45868EFD06}.Release|Any CPU.ActiveCfg = Release|Any CPU
		{0E8BF09A-38A4-4E33-BF1C-CA45868EFD06}.Release|Any CPU.Build.0 = Release|Any CPU
		{0E8BF09A-38A4-4E33-BF1C-CA45868EFD06}.Release|Any CPU.Deploy.0 = Release|Any CPU
		{431DBEAB-C1B0-47FC-9368-FEF1C266F3AB}.Debug|Any CPU.ActiveCfg = Debug|Any CPU
		{431DBEAB-C1B0-47FC-9368-FEF1C266F3AB}.Debug|Any CPU.Build.0 = Debug|Any CPU
		{431DBEAB-C1B0-47FC-9368-FEF1C266F3AB}.Release|Any CPU.ActiveCfg = Release|Any CPU
		{431DBEAB-C1B0-47FC-9368-FEF1C266F3AB}.Release|Any CPU.Build.0 = Release|Any CPU
	EndGlobalSection
	GlobalSection(SolutionProperties) = preSolution
		HideSolutionNode = FALSE
	EndGlobalSection
EndGlobal
